
Microsoft Visual Studio Solution File, Format Version 12.00
# Visual Studio Version 18
VisualStudioVersion = 18.0.11201.2 d18.0
MinimumVisualStudioVersion = 17.8.0.0
Project("{9A19103F-16F7-4668-BE54-9A1E7A4F7556}") = "aspire-playwright-showcase.AppHost", "aspire-playwright-showcase.AppHost\aspire-playwright-showcase.AppHost.csproj", "{0A725C5A-2872-46E9-A254-A93AFC0F8AA8}"
EndProject
Project("{9A19103F-16F7-4668-BE54-9A1E7A4F7556}") = "aspire-playwright-showcase.ServiceDefaults", "aspire-playwright-showcase.ServiceDefaults\aspire-playwright-showcase.ServiceDefaults.csproj", "{93F61541-CD48-4392-8D0F-4BB3A9E4D44E}"
EndProject
Project("{9A19103F-16F7-4668-BE54-9A1E7A4F7556}") = "aspire-playwright-showcase.ApiService", "aspire-playwright-showcase.ApiService\aspire-playwright-showcase.ApiService.csproj", "{71831F52-532E-49F7-9107-5DFF84810D6B}"
EndProject
Project("{9A19103F-16F7-4668-BE54-9A1E7A4F7556}") = "aspire-playwright-showcase.Tests", "aspire-playwright-showcase.Tests\aspire-playwright-showcase.Tests.csproj", "{C6AA0951-A250-447F-B48D-5E291D7BD92E}"
EndProject
Project("{9A19103F-16F7-4668-BE54-9A1E7A4F7556}") = "aspire-playwright-showcase.Web", "aspire-playwright-showcase.Web\aspire-playwright-showcase.Web.csproj", "{6974016A-4D4D-4209-8C8A-A34E12FAD66B}"
EndProject
Global
	GlobalSection(SolutionConfigurationPlatforms) = preSolution
		Debug|Any CPU = Debug|Any CPU
		Release|Any CPU = Release|Any CPU
	EndGlobalSection
	GlobalSection(ProjectConfigurationPlatforms) = postSolution
		{0A725C5A-2872-46E9-A254-A93AFC0F8AA8}.Debug|Any CPU.ActiveCfg = Debug|Any CPU
		{0A725C5A-2872-46E9-A254-A93AFC0F8AA8}.Debug|Any CPU.Build.0 = Debug|Any CPU
		{0A725C5A-2872-46E9-A254-A93AFC0F8AA8}.Release|Any CPU.ActiveCfg = Release|Any CPU
		{0A725C5A-2872-46E9-A254-A93AFC0F8AA8}.Release|Any CPU.Build.0 = Release|Any CPU
		{93F61541-CD48-4392-8D0F-4BB3A9E4D44E}.Debug|Any CPU.ActiveCfg = Debug|Any CPU
		{93F61541-CD48-4392-8D0F-4BB3A9E4D44E}.Debug|Any CPU.Build.0 = Debug|Any CPU
		{93F61541-CD48-4392-8D0F-4BB3A9E4D44E}.Release|Any CPU.ActiveCfg = Release|Any CPU
		{93F61541-CD48-4392-8D0F-4BB3A9E4D44E}.Release|Any CPU.Build.0 = Release|Any CPU
		{71831F52-532E-49F7-9107-5DFF84810D6B}.Debug|Any CPU.ActiveCfg = Debug|Any CPU
		{71831F52-532E-49F7-9107-5DFF84810D6B}.Debug|Any CPU.Build.0 = Debug|Any CPU
		{71831F52-532E-49F7-9107-5DFF84810D6B}.Release|Any CPU.ActiveCfg = Release|Any CPU
		{71831F52-532E-49F7-9107-5DFF84810D6B}.Release|Any CPU.Build.0 = Release|Any CPU
		{C6AA0951-A250-447F-B48D-5E291D7BD92E}.Debug|Any CPU.ActiveCfg = Debug|Any CPU
		{C6AA0951-A250-447F-B48D-5E291D7BD92E}.Debug|Any CPU.Build.0 = Debug|Any CPU
		{C6AA0951-A250-447F-B48D-5E291D7BD92E}.Release|Any CPU.ActiveCfg = Release|Any CPU
		{C6AA0951-A250-447F-B48D-5E291D7BD92E}.Release|Any CPU.Build.0 = Release|Any CPU
		{6974016A-4D4D-4209-8C8A-A34E12FAD66B}.Debug|Any CPU.ActiveCfg = Debug|Any CPU
		{6974016A-4D4D-4209-8C8A-A34E12FAD66B}.Debug|Any CPU.Build.0 = Debug|Any CPU
		{6974016A-4D4D-4209-8C8A-A34E12FAD66B}.Release|Any CPU.ActiveCfg = Release|Any CPU
		{6974016A-4D4D-4209-8C8A-A34E12FAD66B}.Release|Any CPU.Build.0 = Release|Any CPU
	EndGlobalSection
	GlobalSection(SolutionProperties) = preSolution
		HideSolutionNode = FALSE
	EndGlobalSection
	GlobalSection(ExtensibilityGlobals) = postSolution
		SolutionGuid = {1744E868-FFF8-42E1-974B-2BD1E36BBD4C}
	EndGlobalSection
EndGlobal
